<?xml version="1.0" encoding="utf-8"?>
<!--
xmake version 3.0.4+HEAD.347e268f3

  This file is auto generated by xmake.

  Please DO NOT EDIT since all your modification will lost after re-generation.
  See https://github.com/xmake-io/xmake/pull/472 for more infomation.
-->
<Project ToolsVersion="4.0" xmlns="http://schemas.microsoft.com/developer/msbuild/2003">
  <ItemGroup>
    <Filter Include="Properties">
      <UniqueIdentifier>{CC7C6180-942D-056E-3227-E6A2B3FB19CD}</UniqueIdentifier>
    </Filter>
    <Filter Include="inc">
      <UniqueIdentifier>{73C3B503-DA34-48B5-8D0E-689F74605DC6}</UniqueIdentifier>
    </Filter>
    <Filter Include="inc\LittleNetwork">
      <UniqueIdentifier>{19E69697-EF0E-45ED-92B8-9A9465F9152C}</UniqueIdentifier>
    </Filter>
    <Filter Include="inc\LittleNetwork\ENet">
      <UniqueIdentifier>{6659E302-47F2-434C-8096-CB8CF388D101}</UniqueIdentifier>
    </Filter>
    <Filter Include="inc\LittleNetwork\Serialization">
      <UniqueIdentifier>{5F527259-9AFA-4911-8098-F6C1513A7EE3}</UniqueIdentifier>
    </Filter>
    <Filter Include="inc\LittleNetwork\TCP">
      <UniqueIdentifier>{268D1126-3DD6-41BE-9F3E-20AB342725EB}</UniqueIdentifier>
    </Filter>
    <Filter Include="inc\LittleNetwork\TCP\Polling">
      <UniqueIdentifier>{F1E42109-DC90-4CF0-89F4-FF96D7D5C5B3}</UniqueIdentifier>
    </Filter>
    <Filter Include="inc\LittleNetwork\TCP\Sockets">
      <UniqueIdentifier>{203FC000-0572-41A3-BFF2-543C49DF9C71}</UniqueIdentifier>
    </Filter>
    <Filter Include="src">
      <UniqueIdentifier>{491FBF00-292E-479F-8C8F-7A2AC045023A}</UniqueIdentifier>
    </Filter>
    <Filter Include="src\LittleNetwork">
      <UniqueIdentifier>{BAADE6C0-8EA1-4F42-B4F3-8731BECD3855}</UniqueIdentifier>
    </Filter>
    <Filter Include="src\LittleNetwork\ENet">
      <UniqueIdentifier>{297C5FCC-78B3-4AB7-BD10-31A35C5D67E0}</UniqueIdentifier>
    </Filter>
    <Filter Include="src\LittleNetwork\Serialization">
      <UniqueIdentifier>{6381D7B9-64B7-450B-8A2E-554D414DB840}</UniqueIdentifier>
    </Filter>
    <Filter Include="src\LittleNetwork\TCP">
      <UniqueIdentifier>{E512869C-C61E-449E-978B-B7C91EC2A003}</UniqueIdentifier>
    </Filter>
    <Filter Include="src\LittleNetwork\TCP\Polling">
      <UniqueIdentifier>{E27EBAB8-EACA-4A76-92A9-36CA6606EBBA}</UniqueIdentifier>
    </Filter>
    <Filter Include="src\LittleNetwork\TCP\Sockets">
      <UniqueIdentifier>{66BF8B7C-DD09-4130-A5C4-E58D792B318B}</UniqueIdentifier>
    </Filter>

  </ItemGroup>
  <ItemGroup>
    <None Include="$(MSBuildProjectDirectory)\Xmake.Custom.props">
      <Filter>Properties</Filter>
    </None>
    <None Include="$(MSBuildProjectDirectory)\Xmake.Custom.targets">
      <Filter>Properties</Filter>
    </None>
    <None Include="$(MSBuildProjectDirectory)\Xmake.Custom.items">
      <Filter>Properties</Filter>
    </None>
    <None Include="$(MSBuildProjectDirectory)\Xmake.Custom.items.filters">
      <Filter>Properties</Filter>
    </None>
    <None Include="$(XmakeScriptDir)\xmake.lua">
      <Filter>Properties</Filter>
    </None>
  </ItemGroup>
  <ItemGroup>
    <ClInclude Include="$(XmakeProjectDir)\inc\LittleNetwork\ENet\ENetContext.hpp">
      <Filter>inc\LittleNetwork\ENet</Filter>
    </ClInclude>
    <ClInclude Include="$(XmakeProjectDir)\inc\LittleNetwork\Export.hpp">
      <Filter>inc\LittleNetwork</Filter>
    </ClInclude>
    <ClInclude Include="$(XmakeProjectDir)\inc\LittleNetwork\Serialization\Serialization.hpp">
      <Filter>inc\LittleNetwork\Serialization</Filter>
    </ClInclude>
    <ClInclude Include="$(XmakeProjectDir)\inc\LittleNetwork\Serialization\Serialization.inl">
      <Filter>inc\LittleNetwork\Serialization</Filter>
    </ClInclude>
    <ClInclude Include="$(XmakeProjectDir)\inc\LittleNetwork\TCP\Polling\Descriptor.hpp">
      <Filter>inc\LittleNetwork\TCP\Polling</Filter>
    </ClInclude>
    <ClInclude Include="$(XmakeProjectDir)\inc\LittleNetwork\TCP\Polling\Poller.hpp">
      <Filter>inc\LittleNetwork\TCP\Polling</Filter>
    </ClInclude>
    <ClInclude Include="$(XmakeProjectDir)\inc\LittleNetwork\TCP\Sockets\ClientTCPSocket.hpp">
      <Filter>inc\LittleNetwork\TCP\Sockets</Filter>
    </ClInclude>
    <ClInclude Include="$(XmakeProjectDir)\inc\LittleNetwork\TCP\Sockets\IPAddress.hpp">
      <Filter>inc\LittleNetwork\TCP\Sockets</Filter>
    </ClInclude>
    <ClInclude Include="$(XmakeProjectDir)\inc\LittleNetwork\TCP\Sockets\ServerTCPSocket.hpp">
      <Filter>inc\LittleNetwork\TCP\Sockets</Filter>
    </ClInclude>
    <ClInclude Include="$(XmakeProjectDir)\inc\LittleNetwork\TCP\Sockets\TCPSocket.hpp">
      <Filter>inc\LittleNetwork\TCP\Sockets</Filter>
    </ClInclude>
    <ClInclude Include="$(XmakeProjectDir)\inc\LittleNetwork\TCP\WSAContext.hpp">
      <Filter>inc\LittleNetwork\TCP</Filter>
    </ClInclude>


  </ItemGroup>
  <ItemGroup>

    <ClCompile Include="$(XmakeProjectDir)\src\LittleNetwork\ENet\ENetContext.cpp">
      <Filter>src\LittleNetwork\ENet</Filter>
    </ClCompile>
    <ClCompile Include="$(XmakeProjectDir)\src\LittleNetwork\Serialization\Serialization.cpp">
      <Filter>src\LittleNetwork\Serialization</Filter>
    </ClCompile>
    <ClCompile Include="$(XmakeProjectDir)\src\LittleNetwork\TCP\Polling\Poller.cpp">
      <Filter>src\LittleNetwork\TCP\Polling</Filter>
    </ClCompile>
    <ClCompile Include="$(XmakeProjectDir)\src\LittleNetwork\TCP\Sockets\ClientTCPSocket.cpp">
      <Filter>src\LittleNetwork\TCP\Sockets</Filter>
    </ClCompile>
    <ClCompile Include="$(XmakeProjectDir)\src\LittleNetwork\TCP\Sockets\ServerTCPSocket.cpp">
      <Filter>src\LittleNetwork\TCP\Sockets</Filter>
    </ClCompile>
    <ClCompile Include="$(XmakeProjectDir)\src\LittleNetwork\TCP\Sockets\TCPSocket.cpp">
      <Filter>src\LittleNetwork\TCP\Sockets</Filter>
    </ClCompile>
    <ClCompile Include="$(XmakeProjectDir)\src\LittleNetwork\TCP\WSAContext.cpp">
      <Filter>src\LittleNetwork\TCP</Filter>
    </ClCompile>



  </ItemGroup>
  <ItemGroup>

  </ItemGroup>
  <ItemGroup>




  </ItemGroup>
  <Import Condition="Exists('$(MSBuildThisFileDirectory)\Xmake.Custom.files.filters')"
    Project="$(MSBuildThisFileDirectory)\Xmake.Custom.files.filters" />
</Project>
